
Microsoft Visual Studio Solution File, Format Version 12.00
# Visual Studio Version 16
VisualStudioVersion = 16.0.29905.134
MinimumVisualStudioVersion = 10.0.40219.1
Project("{FAE04EC0-301F-11D3-BF4B-00C04F79EFBC}") = "WPFRandomThings", "WPFRandomThings.csproj", "{B42D86E8-2CE5-4433-9A2A-A109F040A229}"
EndProject
Global
	GlobalSection(SolutionConfigurationPlatforms) = preSolution
		Debug|Any CPU = Debug|Any CPU
		Release|Any CPU = Release|Any CPU
	EndGlobalSection
	GlobalSection(ProjectConfigurationPlatforms) = postSolution
		{B42D86E8-2CE5-4433-9A2A-A109F040A229}.Debug|Any CPU.ActiveCfg = Debug|Any CPU
		{B42D86E8-2CE5-4433-9A2A-A109F040A229}.Debug|Any CPU.Build.0 = Debug|Any CPU
		{B42D86E8-2CE5-4433-9A2A-A109F040A229}.Release|Any CPU.ActiveCfg = Release|Any CPU
		{B42D86E8-2CE5-4433-9A2A-A109F040A229}.Release|Any CPU.Build.0 = Release|Any CPU
	EndGlobalSection
	GlobalSection(SolutionProperties) = preSolution
		HideSolutionNode = FALSE
	EndGlobalSection
	GlobalSection(ExtensibilityGlobals) = postSolution
		SolutionGuid = {7CDB545B-CF0D-44DF-8CCA-0144317BBF2C}
	EndGlobalSection
EndGlobal
